
Microsoft Visual Studio Solution File, Format Version 12.00
# Visual Studio 2013
VisualStudioVersion = 12.0.31101.0
MinimumVisualStudioVersion = 10.0.40219.1
Project("{FAE04EC0-301F-11D3-BF4B-00C04F79EFBC}") = "GameClient", "GameClient\GameClient.csproj", "{F74C8CDA-FD87-4E1D-84E4-5773DD35E5DE}"
EndProject
Project("{FAE04EC0-301F-11D3-BF4B-00C04F79EFBC}") = "TaransferingLib", "..\TaransferingLib\TaransferingLib.csproj", "{C77D22AA-3453-423A-823C-378C349BC527}"
EndProject
Global
	GlobalSection(SolutionConfigurationPlatforms) = preSolution
		Debug|Any CPU = Debug|Any CPU
		Release|Any CPU = Release|Any CPU
	EndGlobalSection
	GlobalSection(ProjectConfigurationPlatforms) = postSolution
		{F74C8CDA-FD87-4E1D-84E4-5773DD35E5DE}.Debug|Any CPU.ActiveCfg = Debug|Any CPU
		{F74C8CDA-FD87-4E1D-84E4-5773DD35E5DE}.Debug|Any CPU.Build.0 = Debug|Any CPU
		{F74C8CDA-FD87-4E1D-84E4-5773DD35E5DE}.Release|Any CPU.ActiveCfg = Release|Any CPU
		{F74C8CDA-FD87-4E1D-84E4-5773DD35E5DE}.Release|Any CPU.Build.0 = Release|Any CPU
		{C77D22AA-3453-423A-823C-378C349BC527}.Debug|Any CPU.ActiveCfg = Debug|Any CPU
		{C77D22AA-3453-423A-823C-378C349BC527}.Debug|Any CPU.Build.0 = Debug|Any CPU
		{C77D22AA-3453-423A-823C-378C349BC527}.Release|Any CPU.ActiveCfg = Release|Any CPU
		{C77D22AA-3453-423A-823C-378C349BC527}.Release|Any CPU.Build.0 = Release|Any CPU
	EndGlobalSection
	GlobalSection(SolutionProperties) = preSolution
		HideSolutionNode = FALSE
	EndGlobalSection
EndGlobal
